
Microsoft Visual Studio Solution File, Format Version 12.00
# Visual Studio Version 17
VisualStudioVersion = 17.5.33516.290
MinimumVisualStudioVersion = 10.0.40219.1
Project("{FAE04EC0-301F-11D3-BF4B-00C04F79EFBC}") = "C#", "C#\C#.csproj", "{CE474E93-3BB9-445E-85D5-5E2A2DCA4AA4}"
EndProject
Global
	GlobalSection(SolutionConfigurationPlatforms) = preSolution
		Debug|Any CPU = Debug|Any CPU
		Release|Any CPU = Release|Any CPU
	EndGlobalSection
	GlobalSection(ProjectConfigurationPlatforms) = postSolution
		{CE474E93-3BB9-445E-85D5-5E2A2DCA4AA4}.Debug|Any CPU.ActiveCfg = Debug|Any CPU
		{CE474E93-3BB9-445E-85D5-5E2A2DCA4AA4}.Debug|Any CPU.Build.0 = Debug|Any CPU
		{CE474E93-3BB9-445E-85D5-5E2A2DCA4AA4}.Release|Any CPU.ActiveCfg = Release|Any CPU
		{CE474E93-3BB9-445E-85D5-5E2A2DCA4AA4}.Release|Any CPU.Build.0 = Release|Any CPU
	EndGlobalSection
	GlobalSection(SolutionProperties) = preSolution
		HideSolutionNode = FALSE
	EndGlobalSection
	GlobalSection(ExtensibilityGlobals) = postSolution
		SolutionGuid = {8F4DA2A3-2519-4046-AF2A-FC681304EAC3}
	EndGlobalSection
EndGlobal
